
Microsoft Visual Studio Solution File, Format Version 12.00
# Visual Studio Version 16
VisualStudioVersion = 16.0.31112.23
MinimumVisualStudioVersion = 10.0.40219.1
Project("{9A19103F-16F7-4668-BE54-9A1E7A4F7556}") = "DVPortfolio", "DVPortfolio\DVPortfolio.csproj", "{334AAFB4-108D-4BE1-AC2D-56DE620F32FE}"
EndProject
Project("{9A19103F-16F7-4668-BE54-9A1E7A4F7556}") = "Contracts", "Contracts\Contracts.csproj", "{538A7547-C79E-439F-A1EB-7DE4548C5057}"
EndProject
Project("{9A19103F-16F7-4668-BE54-9A1E7A4F7556}") = "LoggerService", "LoggerService\LoggerService.csproj", "{4480F2B5-EBB4-4B21-813C-3641DDDBB4C8}"
EndProject
Project("{9A19103F-16F7-4668-BE54-9A1E7A4F7556}") = "Entities", "Entities\Entities.csproj", "{ABC435E0-3CB8-476B-9F7D-6E0130ACC52B}"
EndProject
Project("{FAE04EC0-301F-11D3-BF4B-00C04F79EFBC}") = "Repository", "Repository\Repository.csproj", "{BE7EBCE2-A6BB-4BAD-9592-9444630C2612}"
EndProject
Global
	GlobalSection(SolutionConfigurationPlatforms) = preSolution
		Debug|Any CPU = Debug|Any CPU
		Release|Any CPU = Release|Any CPU
	EndGlobalSection
	GlobalSection(ProjectConfigurationPlatforms) = postSolution
		{334AAFB4-108D-4BE1-AC2D-56DE620F32FE}.Debug|Any CPU.ActiveCfg = Debug|Any CPU
		{334AAFB4-108D-4BE1-AC2D-56DE620F32FE}.Debug|Any CPU.Build.0 = Debug|Any CPU
		{334AAFB4-108D-4BE1-AC2D-56DE620F32FE}.Release|Any CPU.ActiveCfg = Release|Any CPU
		{334AAFB4-108D-4BE1-AC2D-56DE620F32FE}.Release|Any CPU.Build.0 = Release|Any CPU
		{538A7547-C79E-439F-A1EB-7DE4548C5057}.Debug|Any CPU.ActiveCfg = Debug|Any CPU
		{538A7547-C79E-439F-A1EB-7DE4548C5057}.Debug|Any CPU.Build.0 = Debug|Any CPU
		{538A7547-C79E-439F-A1EB-7DE4548C5057}.Release|Any CPU.ActiveCfg = Release|Any CPU
		{538A7547-C79E-439F-A1EB-7DE4548C5057}.Release|Any CPU.Build.0 = Release|Any CPU
		{4480F2B5-EBB4-4B21-813C-3641DDDBB4C8}.Debug|Any CPU.ActiveCfg = Debug|Any CPU
		{4480F2B5-EBB4-4B21-813C-3641DDDBB4C8}.Debug|Any CPU.Build.0 = Debug|Any CPU
		{4480F2B5-EBB4-4B21-813C-3641DDDBB4C8}.Release|Any CPU.ActiveCfg = Release|Any CPU
		{4480F2B5-EBB4-4B21-813C-3641DDDBB4C8}.Release|Any CPU.Build.0 = Release|Any CPU
		{ABC435E0-3CB8-476B-9F7D-6E0130ACC52B}.Debug|Any CPU.ActiveCfg = Debug|Any CPU
		{ABC435E0-3CB8-476B-9F7D-6E0130ACC52B}.Debug|Any CPU.Build.0 = Debug|Any CPU
		{ABC435E0-3CB8-476B-9F7D-6E0130ACC52B}.Release|Any CPU.ActiveCfg = Release|Any CPU
		{ABC435E0-3CB8-476B-9F7D-6E0130ACC52B}.Release|Any CPU.Build.0 = Release|Any CPU
		{BE7EBCE2-A6BB-4BAD-9592-9444630C2612}.Debug|Any CPU.ActiveCfg = Debug|Any CPU
		{BE7EBCE2-A6BB-4BAD-9592-9444630C2612}.Debug|Any CPU.Build.0 = Debug|Any CPU
		{BE7EBCE2-A6BB-4BAD-9592-9444630C2612}.Release|Any CPU.ActiveCfg = Release|Any CPU
		{BE7EBCE2-A6BB-4BAD-9592-9444630C2612}.Release|Any CPU.Build.0 = Release|Any CPU
	EndGlobalSection
	GlobalSection(SolutionProperties) = preSolution
		HideSolutionNode = FALSE
	EndGlobalSection
	GlobalSection(ExtensibilityGlobals) = postSolution
		SolutionGuid = {E79F304C-A1A3-4510-BBD2-B0CBD8FE6152}
	EndGlobalSection
EndGlobal
